Microsoft Visual Studio Solution File, Format Version 12.00
# Visual Studio Version 17
VisualStudioVersion = 17.5.2.0
MinimumVisualStudioVersion = 10.0.40219.1
Project("{2150E333-8FDC-42A3-9474-1A3956D46DE8}") = "apps", "apps", "{1787FE1D-075E-9E68-7218-25F1BD1BBEAB}"
EndProject
Project("{FAE04EC0-301F-11D3-BF4B-00C04F79EFBC}") = "extensions", "apps\io-services-cms-webapp\extensions.csproj", "{F1FE2E9E-9B7B-6DAE-7903-2789B018EF15}"
EndProject
Global
	GlobalSection(SolutionConfigurationPlatforms) = preSolution
		Debug|Any CPU = Debug|Any CPU
		Release|Any CPU = Release|Any CPU
	EndGlobalSection
	GlobalSection(ProjectConfigurationPlatforms) = postSolution
		{F1FE2E9E-9B7B-6DAE-7903-2789B018EF15}.Debug|Any CPU.ActiveCfg = Debug|Any CPU
		{F1FE2E9E-9B7B-6DAE-7903-2789B018EF15}.Debug|Any CPU.Build.0 = Debug|Any CPU
		{F1FE2E9E-9B7B-6DAE-7903-2789B018EF15}.Release|Any CPU.ActiveCfg = Release|Any CPU
		{F1FE2E9E-9B7B-6DAE-7903-2789B018EF15}.Release|Any CPU.Build.0 = Release|Any CPU
	EndGlobalSection
	GlobalSection(SolutionProperties) = preSolution
		HideSolutionNode = FALSE
	EndGlobalSection
	GlobalSection(NestedProjects) = preSolution
		{F1FE2E9E-9B7B-6DAE-7903-2789B018EF15} = {1787FE1D-075E-9E68-7218-25F1BD1BBEAB}
	EndGlobalSection
	GlobalSection(ExtensibilityGlobals) = postSolution
		SolutionGuid = {AE57CC02-8D3F-4BCC-88BF-6BD756DA578C}
	EndGlobalSection
EndGlobal
